
Microsoft Visual Studio Solution File, Format Version 12.00
# Visual Studio Version 17
VisualStudioVersion = 17.4.33110.190
MinimumVisualStudioVersion = 10.0.40219.1
Project("{FAE04EC0-301F-11D3-BF4B-00C04F79EFBC}") = "22 Nov", "22 Nov.csproj", "{EFDD1556-0919-4D71-9421-5013BD5E07E8}"
EndProject
Global
	GlobalSection(SolutionConfigurationPlatforms) = preSolution
		Debug|Any CPU = Debug|Any CPU
		Release|Any CPU = Release|Any CPU
	EndGlobalSection
	GlobalSection(ProjectConfigurationPlatforms) = postSolution
		{EFDD1556-0919-4D71-9421-5013BD5E07E8}.Debug|Any CPU.ActiveCfg = Debug|Any CPU
		{EFDD1556-0919-4D71-9421-5013BD5E07E8}.Debug|Any CPU.Build.0 = Debug|Any CPU
		{EFDD1556-0919-4D71-9421-5013BD5E07E8}.Release|Any CPU.ActiveCfg = Release|Any CPU
		{EFDD1556-0919-4D71-9421-5013BD5E07E8}.Release|Any CPU.Build.0 = Release|Any CPU
	EndGlobalSection
	GlobalSection(SolutionProperties) = preSolution
		HideSolutionNode = FALSE
	EndGlobalSection
	GlobalSection(ExtensibilityGlobals) = postSolution
		SolutionGuid = {D06C0B39-565C-46A6-AB25-C9EB9D39322D}
	EndGlobalSection
EndGlobal
