
Microsoft Visual Studio Solution File, Format Version 12.00
# Visual Studio Version 17
VisualStudioVersion = 17.4.33110.190
MinimumVisualStudioVersion = 10.0.40219.1
Project("{FAE04EC0-301F-11D3-BF4B-00C04F79EFBC}") = "29 Nov", "29 Nov.csproj", "{5B1EE4C8-F23A-4BA6-9B7D-E821BA7E47BD}"
EndProject
Global
	GlobalSection(SolutionConfigurationPlatforms) = preSolution
		Debug|Any CPU = Debug|Any CPU
		Release|Any CPU = Release|Any CPU
	EndGlobalSection
	GlobalSection(ProjectConfigurationPlatforms) = postSolution
		{5B1EE4C8-F23A-4BA6-9B7D-E821BA7E47BD}.Debug|Any CPU.ActiveCfg = Debug|Any CPU
		{5B1EE4C8-F23A-4BA6-9B7D-E821BA7E47BD}.Debug|Any CPU.Build.0 = Debug|Any CPU
		{5B1EE4C8-F23A-4BA6-9B7D-E821BA7E47BD}.Release|Any CPU.ActiveCfg = Release|Any CPU
		{5B1EE4C8-F23A-4BA6-9B7D-E821BA7E47BD}.Release|Any CPU.Build.0 = Release|Any CPU
	EndGlobalSection
	GlobalSection(SolutionProperties) = preSolution
		HideSolutionNode = FALSE
	EndGlobalSection
	GlobalSection(ExtensibilityGlobals) = postSolution
		SolutionGuid = {A8ED2B58-5934-467C-865D-E899AA636EFB}
	EndGlobalSection
EndGlobal
