
Microsoft Visual Studio Solution File, Format Version 12.00
# Visual Studio Version 17
VisualStudioVersion = 17.4.33110.190
MinimumVisualStudioVersion = 10.0.40219.1
Project("{FAE04EC0-301F-11D3-BF4B-00C04F79EFBC}") = "27 Nov", "27 Nov.csproj", "{2449AA53-2793-493D-99EA-307CFD66E04E}"
EndProject
Global
	GlobalSection(SolutionConfigurationPlatforms) = preSolution
		Debug|Any CPU = Debug|Any CPU
		Release|Any CPU = Release|Any CPU
	EndGlobalSection
	GlobalSection(ProjectConfigurationPlatforms) = postSolution
		{2449AA53-2793-493D-99EA-307CFD66E04E}.Debug|Any CPU.ActiveCfg = Debug|Any CPU
		{2449AA53-2793-493D-99EA-307CFD66E04E}.Debug|Any CPU.Build.0 = Debug|Any CPU
		{2449AA53-2793-493D-99EA-307CFD66E04E}.Release|Any CPU.ActiveCfg = Release|Any CPU
		{2449AA53-2793-493D-99EA-307CFD66E04E}.Release|Any CPU.Build.0 = Release|Any CPU
	EndGlobalSection
	GlobalSection(SolutionProperties) = preSolution
		HideSolutionNode = FALSE
	EndGlobalSection
	GlobalSection(ExtensibilityGlobals) = postSolution
		SolutionGuid = {925E5B68-4379-462D-BDDF-3087009450A2}
	EndGlobalSection
EndGlobal
