
Microsoft Visual Studio Solution File, Format Version 12.00
# Visual Studio Version 17
VisualStudioVersion = 17.4.33110.190
MinimumVisualStudioVersion = 10.0.40219.1
Project("{FAE04EC0-301F-11D3-BF4B-00C04F79EFBC}") = "27 Nov", "27 Nov.csproj", "{CFF0C9BA-687F-496E-83D7-8EEEA4F413EF}"
EndProject
Global
	GlobalSection(SolutionConfigurationPlatforms) = preSolution
		Debug|Any CPU = Debug|Any CPU
		Release|Any CPU = Release|Any CPU
	EndGlobalSection
	GlobalSection(ProjectConfigurationPlatforms) = postSolution
		{CFF0C9BA-687F-496E-83D7-8EEEA4F413EF}.Debug|Any CPU.ActiveCfg = Debug|Any CPU
		{CFF0C9BA-687F-496E-83D7-8EEEA4F413EF}.Debug|Any CPU.Build.0 = Debug|Any CPU
		{CFF0C9BA-687F-496E-83D7-8EEEA4F413EF}.Release|Any CPU.ActiveCfg = Release|Any CPU
		{CFF0C9BA-687F-496E-83D7-8EEEA4F413EF}.Release|Any CPU.Build.0 = Release|Any CPU
	EndGlobalSection
	GlobalSection(SolutionProperties) = preSolution
		HideSolutionNode = FALSE
	EndGlobalSection
	GlobalSection(ExtensibilityGlobals) = postSolution
		SolutionGuid = {652E3F6F-DD4E-4909-8F43-D4A1F43613A8}
	EndGlobalSection
EndGlobal
