
Microsoft Visual Studio Solution File, Format Version 12.00
# Visual Studio Version 17
VisualStudioVersion = 17.4.33110.190
MinimumVisualStudioVersion = 10.0.40219.1
Project("{FAE04EC0-301F-11D3-BF4B-00C04F79EFBC}") = "27 Nov", "27 Nov.csproj", "{FBEED6A8-E70F-4106-8E78-78C031D65BA9}"
EndProject
Global
	GlobalSection(SolutionConfigurationPlatforms) = preSolution
		Debug|Any CPU = Debug|Any CPU
		Release|Any CPU = Release|Any CPU
	EndGlobalSection
	GlobalSection(ProjectConfigurationPlatforms) = postSolution
		{FBEED6A8-E70F-4106-8E78-78C031D65BA9}.Debug|Any CPU.ActiveCfg = Debug|Any CPU
		{FBEED6A8-E70F-4106-8E78-78C031D65BA9}.Debug|Any CPU.Build.0 = Debug|Any CPU
		{FBEED6A8-E70F-4106-8E78-78C031D65BA9}.Release|Any CPU.ActiveCfg = Release|Any CPU
		{FBEED6A8-E70F-4106-8E78-78C031D65BA9}.Release|Any CPU.Build.0 = Release|Any CPU
	EndGlobalSection
	GlobalSection(SolutionProperties) = preSolution
		HideSolutionNode = FALSE
	EndGlobalSection
	GlobalSection(ExtensibilityGlobals) = postSolution
		SolutionGuid = {6AFFB24E-AD2B-461F-B402-36F75073D893}
	EndGlobalSection
EndGlobal
