
Microsoft Visual Studio Solution File, Format Version 12.00
# Visual Studio Version 17
VisualStudioVersion = 17.4.33122.133
MinimumVisualStudioVersion = 10.0.40219.1
Project("{FAE04EC0-301F-11D3-BF4B-00C04F79EFBC}") = "Calculator", "Calculator\Calculator.csproj", "{A3D99265-8B46-43CF-8380-D65A3A964D8F}"
EndProject
Global
	GlobalSection(SolutionConfigurationPlatforms) = preSolution
		Debug|Any CPU = Debug|Any CPU
		Release|Any CPU = Release|Any CPU
	EndGlobalSection
	GlobalSection(ProjectConfigurationPlatforms) = postSolution
		{A3D99265-8B46-43CF-8380-D65A3A964D8F}.Debug|Any CPU.ActiveCfg = Debug|Any CPU
		{A3D99265-8B46-43CF-8380-D65A3A964D8F}.Debug|Any CPU.Build.0 = Debug|Any CPU
		{A3D99265-8B46-43CF-8380-D65A3A964D8F}.Release|Any CPU.ActiveCfg = Release|Any CPU
		{A3D99265-8B46-43CF-8380-D65A3A964D8F}.Release|Any CPU.Build.0 = Release|Any CPU
	EndGlobalSection
	GlobalSection(SolutionProperties) = preSolution
		HideSolutionNode = FALSE
	EndGlobalSection
	GlobalSection(ExtensibilityGlobals) = postSolution
		SolutionGuid = {51989984-6EA9-4647-B10B-92CE434481BC}
	EndGlobalSection
EndGlobal
